
Microsoft Visual Studio Solution File, Format Version 12.00
Project("{FAE04EC0-301F-11D3-BF4B-00C04F79EFBC}") = "BadApple.Net", "BadApple.Net\BadApple.Net.csproj", "{5C770B1F-C9CA-4E7E-8003-5F3E94CBFD0B}"
EndProject
Global
	GlobalSection(SolutionConfigurationPlatforms) = preSolution
		Debug|Any CPU = Debug|Any CPU
		Release|Any CPU = Release|Any CPU
	EndGlobalSection
	GlobalSection(ProjectConfigurationPlatforms) = postSolution
		{5C770B1F-C9CA-4E7E-8003-5F3E94CBFD0B}.Debug|Any CPU.ActiveCfg = Debug|Any CPU
		{5C770B1F-C9CA-4E7E-8003-5F3E94CBFD0B}.Debug|Any CPU.Build.0 = Debug|Any CPU
		{5C770B1F-C9CA-4E7E-8003-5F3E94CBFD0B}.Release|Any CPU.ActiveCfg = Release|Any CPU
		{5C770B1F-C9CA-4E7E-8003-5F3E94CBFD0B}.Release|Any CPU.Build.0 = Release|Any CPU
	EndGlobalSection
EndGlobal
